{
  "name": "whoishao",
  "version": "1.0.0",
  "lockfileVersion": 1,
  "requires": true,
  "dependencies": {
    "@material/animation": {
      "version": "0.39.0",
      "resolved": "https://registry.npmjs.org/@material/animation/-/animation-0.39.0.tgz",
      "integrity": "sha512-f3BGCba0GdYY+eGFnK0L08HLyljgEyBvMLoJoutP225IpvzsLLTqumL/796nFCsouWn6E3G+8BUVjAtzTjU2lA=="
    },
    "@material/auto-init": {
      "version": "0.39.0",
      "resolved": "https://registry.npmjs.org/@material/auto-init/-/auto-init-0.39.0.tgz",
      "integrity": "sha512-rh/YbGupzHiY9b3V/KFBzoEKcBCY8KDXQZNnNFZwP3fwDaaU6pSbVwg5jKfR6QfrQZF7AetdCYJj0p5UKDcvnA=="
    },
    "@material/base": {
      "version": "0.39.0",
      "resolved": "https://registry.npmjs.org/@material/base/-/base-0.39.0.tgz",
      "integrity": "sha512-B+vMqnOR2JU2dzv/5UPKQUAZAj739pMkJkt3Zy7sJaQnw3j8wTKxiUMUhd9ZHaPx1FBlUNMn2PwOq8YZIn0svA=="
    },
    "@material/button": {
      "version": "0.40.0",
      "resolved": "https://registry.npmjs.org/@material/button/-/button-0.40.0.tgz",
      "integrity": "sha512-1HWT+Exqfcplda6xPmD9hvWmmr7Y8MdCkIhFkY14g1UuIf3rcGQGfS49HCT6OkLbcQ9tM7qgCSXHxCGK6MkY9w==",
      "requires": {
        "@material/elevation": "0.40.0",
        "@material/ripple": "0.40.0",
        "@material/rtl": "0.39.1",
        "@material/shape": "0.40.0",
        "@material/theme": "0.40.0",
        "@material/typography": "0.39.0"
      }
    },
    "@material/card": {
      "version": "0.40.0",
      "resolved": "https://registry.npmjs.org/@material/card/-/card-0.40.0.tgz",
      "integrity": "sha512-Af/67uDx4oxHz+Oas0ZB69B7dxwcHYGW3mgyExcjfcE7Ku+dQCcyFwt8ooVWAxlF27vBIhEmbHxqc44dMdJLIw==",
      "requires": {
        "@material/elevation": "0.40.0",
        "@material/ripple": "0.40.0",
        "@material/rtl": "0.39.1",
        "@material/shape": "0.40.0",
        "@material/theme": "0.40.0"
      }
    },
    "@material/checkbox": {
      "version": "0.40.0",
      "resolved": "https://registry.npmjs.org/@material/checkbox/-/checkbox-0.40.0.tgz",
      "integrity": "sha512-cmL1OkPcb9w+L+ydBho40kmbKm2CkrQIKZqaJjeSIFUP8hIIj1PleoTqpy6qV8DIvUqPylt0uAEZ6XOvAQQHjQ==",
      "requires": {
        "@material/animation": "0.39.0",
        "@material/base": "0.39.0",
        "@material/ripple": "0.40.0",
        "@material/rtl": "0.39.1",
        "@material/selection-control": "0.40.0",
        "@material/theme": "0.40.0"
      }
    },
    "@material/chips": {
      "version": "0.40.0",
      "resolved": "https://registry.npmjs.org/@material/chips/-/chips-0.40.0.tgz",
      "integrity": "sha512-G5/8XAcq47ZNhRT6ac61klg6tHNEyQkg1Ug3I9U6lpF/HRtq7OBOirzz2b99D9EqODBKHWGSkXwf5xUhO/xRRQ==",
      "requires": {
        "@material/animation": "0.39.0",
        "@material/base": "0.39.0",
        "@material/checkbox": "0.40.0",
        "@material/elevation": "0.40.0",
        "@material/ripple": "0.40.0",
        "@material/shape": "0.40.0",
        "@material/theme": "0.40.0",
        "@material/typography": "0.39.0"
      }
    },
    "@material/dialog": {
      "version": "0.40.0",
      "resolved": "https://registry.npmjs.org/@material/dialog/-/dialog-0.40.0.tgz",
      "integrity": "sha512-dJJzOJRlOpWavf6Wk/uWiCUEjE3HoQz7/U/5pCACWevNSqloBtqgmEB3zXJ3rJwMoWFB/66gU3gKoDPbY0hFRA==",
      "requires": {
        "@material/animation": "0.39.0",
        "@material/base": "0.39.0",
        "@material/dom": "0.40.0",
        "@material/elevation": "0.40.0",
        "@material/ripple": "0.40.0",
        "@material/rtl": "0.39.1",
        "@material/shape": "0.40.0",
        "@material/theme": "0.40.0",
        "@material/typography": "0.39.0",
        "focus-trap": "2.4.6"
      }
    },
    "@material/dom": {
      "version": "0.40.0",
      "resolved": "https://registry.npmjs.org/@material/dom/-/dom-0.40.0.tgz",
      "integrity": "sha512-dNekw081gH1Wh62h8VsOdP87iKkrbM2rFR28bTfolIv6ThRBUGlDe5w8grkrrXLnjoqO/fnQMP1Wdo8C7lcfvQ=="
    },
    "@material/drawer": {
      "version": "0.40.0",
      "resolved": "https://registry.npmjs.org/@material/drawer/-/drawer-0.40.0.tgz",
      "integrity": "sha512-KY/mDWkCMwB/5g8qqcBhGR72yT4/u8eJ4BY+/LtiFG47SrL7SZHwhqBgjfGgdRckwX8D8WF/6BQqeZQlbTmIjw==",
      "requires": {
        "@material/animation": "0.39.0",
        "@material/base": "0.39.0",
        "@material/elevation": "0.40.0",
        "@material/list": "0.40.0",
        "@material/ripple": "0.40.0",
        "@material/rtl": "0.39.1",
        "@material/shape": "0.40.0",
        "@material/theme": "0.40.0",
        "@material/typography": "0.39.0",
        "focus-trap": "3.0.0"
      },
      "dependencies": {
        "focus-trap": {
          "version": "3.0.0",
          "resolved": "https://registry.npmjs.org/focus-trap/-/focus-trap-3.0.0.tgz",
          "integrity": "sha512-jTFblf0tLWbleGjj2JZsAKbgtZTdL1uC48L8FcmSDl4c2vDoU4NycN1kgV5vJhuq1mxNFkw7uWZ1JAGlINWvyw==",
          "requires": {
            "tabbable": "3.1.1",
            "xtend": "4.0.1"
          }
        },
        "tabbable": {
          "version": "3.1.1",
          "resolved": "https://registry.npmjs.org/tabbable/-/tabbable-3.1.1.tgz",
          "integrity": "sha512-583MHIOwictf7+zbxqO/L5fBqMN6Li4SJ1XTKQA9WzHRA7c2BB+D+Ny7Y6kGqU2u+rHK59+oRzrBvMU53aZz+A=="
        }
      }
    },
    "@material/elevation": {
      "version": "0.40.0",
      "resolved": "https://registry.npmjs.org/@material/elevation/-/elevation-0.40.0.tgz",
      "integrity": "sha512-oHh9E1k/IhHJDLwsVli9ZImc+fUXlVpqiYp/C7J/jw2t29ouYAXK4ECkJDbrYIUPU89XsLUrCMSb1HgPBmI+9A==",
      "requires": {
        "@material/animation": "0.39.0",
        "@material/theme": "0.40.0"
      }
    },
    "@material/fab": {
      "version": "0.40.0",
      "resolved": "https://registry.npmjs.org/@material/fab/-/fab-0.40.0.tgz",
      "integrity": "sha512-kHCx24IVxuIunUJs3KPUWfmJJj2sxt/CSQME3eiLo/Mx7DjtuvS4WZqqqRPxjInMoRp4VxdSoyr4gS0SHslv4w==",
      "requires": {
        "@material/animation": "0.39.0",
        "@material/elevation": "0.40.0",
        "@material/ripple": "0.40.0",
        "@material/rtl": "0.39.1",
        "@material/shape": "0.40.0",
        "@material/theme": "0.40.0",
        "@material/typography": "0.39.0"
      }
    },
    "@material/floating-label": {
      "version": "0.40.0",
      "resolved": "https://registry.npmjs.org/@material/floating-label/-/floating-label-0.40.0.tgz",
      "integrity": "sha512-p+jngOd3r5UOeKkYZrQfFzLvWkWRupRMYQgEoz7EWbhTHEWG5s2vcFVxPPC70HgInvS5O7g5DN7OvK/lZJcs3g==",
      "requires": {
        "@material/animation": "0.39.0",
        "@material/base": "0.39.0",
        "@material/rtl": "0.39.1",
        "@material/theme": "0.40.0",
        "@material/typography": "0.39.0"
      }
    },
    "@material/form-field": {
      "version": "0.40.0",
      "resolved": "https://registry.npmjs.org/@material/form-field/-/form-field-0.40.0.tgz",
      "integrity": "sha512-j0SSRaJ+zG3tcN27OGnBcpxyBwnvShS30qObNyXYzqzXT0OCp8RPNzfPMQKtrtpc53cDBJkU3i0xY37tM9laZA==",
      "requires": {
        "@material/base": "0.39.0",
        "@material/rtl": "0.39.1",
        "@material/selection-control": "0.40.0",
        "@material/theme": "0.40.0",
        "@material/typography": "0.39.0"
      }
    },
    "@material/grid-list": {
      "version": "0.40.0",
      "resolved": "https://registry.npmjs.org/@material/grid-list/-/grid-list-0.40.0.tgz",
      "integrity": "sha512-ZrBtwgTQMSXP/LZ2Kxhe6AtbvmBXvEuU8bOZ+G/RgWMjZkAweaPg4y9TP39FeYj5Ie3OL0higSWdY2ZpC5kXrw==",
      "requires": {
        "@material/base": "0.39.0",
        "@material/rtl": "0.39.1",
        "@material/theme": "0.40.0",
        "@material/typography": "0.39.0"
      }
    },
    "@material/icon-button": {
      "version": "0.40.0",
      "resolved": "https://registry.npmjs.org/@material/icon-button/-/icon-button-0.40.0.tgz",
      "integrity": "sha512-JhdGuikaAKZ4QObQjh8+CCEAqJctjiHreEtjsVmRvXW5dUrR4GKFUst0HE2yQaux7K8Yho30Vry1K0d10bJTuQ==",
      "requires": {
        "@material/base": "0.39.0",
        "@material/ripple": "0.40.0",
        "@material/theme": "0.40.0"
      }
    },
    "@material/icon-toggle": {
      "version": "0.40.0",
      "resolved": "https://registry.npmjs.org/@material/icon-toggle/-/icon-toggle-0.40.0.tgz",
      "integrity": "sha512-CAxVvrCSZFp5T1iMr5TAtKoJkq0J5CwVwwcZw6wEYQs2pFncix4fK5wz7DCSG+9sSLzfYPrl7s+qnBwWvfiSTg==",
      "requires": {
        "@material/animation": "0.39.0",
        "@material/base": "0.39.0",
        "@material/ripple": "0.40.0",
        "@material/theme": "0.40.0"
      }
    },
    "@material/image-list": {
      "version": "0.40.0",
      "resolved": "https://registry.npmjs.org/@material/image-list/-/image-list-0.40.0.tgz",
      "integrity": "sha512-UihjtyTHcSB3+VMOFiP1joHnkgr48XLhy3QgK216+Dj0pLmbJAsBP7V57xrY3Q1z4kdEMGxIMp1hMXOVQ/j8jA==",
      "requires": {
        "@material/shape": "0.40.0",
        "@material/theme": "0.40.0",
        "@material/typography": "0.39.0"
      }
    },
    "@material/layout-grid": {
      "version": "0.39.0",
      "resolved": "https://registry.npmjs.org/@material/layout-grid/-/layout-grid-0.39.0.tgz",
      "integrity": "sha512-F2V7cf7pJtlDyHKJJ1u7Xn6JWfiY7bFbg33QnhRXYTAhDF5aEcFPeSh9CK8ZZZ4Bom9gzfms2VXWXClbfQgE2Q=="
    },
    "@material/line-ripple": {
      "version": "0.40.0",
      "resolved": "https://registry.npmjs.org/@material/line-ripple/-/line-ripple-0.40.0.tgz",
      "integrity": "sha512-tDeFiKqEhGzDAxLZoljLFBQs2mq2OJnD/Xno2IP/vCE6eoP98Wo0BvzorNUZESjepQGYarUPeZgZeFz9+hnsjQ==",
      "requires": {
        "@material/animation": "0.39.0",
        "@material/base": "0.39.0",
        "@material/theme": "0.40.0"
      }
    },
    "@material/linear-progress": {
      "version": "0.40.0",
      "resolved": "https://registry.npmjs.org/@material/linear-progress/-/linear-progress-0.40.0.tgz",
      "integrity": "sha512-tCA2ARIFVj87adv1oz8Ink4vIXpjrXndBKQgpZ3SRweAUyLfzJi17ef/VK3oNje9rad62o6rqLWR1CCv/gEzEw==",
      "requires": {
        "@material/animation": "0.39.0",
        "@material/base": "0.39.0",
        "@material/theme": "0.40.0"
      }
    },
    "@material/list": {
      "version": "0.40.0",
      "resolved": "https://registry.npmjs.org/@material/list/-/list-0.40.0.tgz",
      "integrity": "sha512-vMQNixaPEyD5JLYl+TdHqBk3i5+BciN1GjCMdkfdfpNMUyBhjAA1/DMKJ76GC2f75gnaUKP7Oee/CsBKt3Lf9A==",
      "requires": {
        "@material/base": "0.39.0",
        "@material/dom": "0.40.0",
        "@material/ripple": "0.40.0",
        "@material/rtl": "0.39.1",
        "@material/shape": "0.40.0",
        "@material/theme": "0.40.0",
        "@material/typography": "0.39.0"
      }
    },
    "@material/menu": {
      "version": "0.40.0",
      "resolved": "https://registry.npmjs.org/@material/menu/-/menu-0.40.0.tgz",
      "integrity": "sha512-ZhgQU0+ajGXsmXkY0gYEgtTz43RR6L36W3CbKjlQjuzKceMl6PQHoiA5gg9sK+sLlqODLcXKUHA5WyYxlPvR5g==",
      "requires": {
        "@material/base": "0.39.0",
        "@material/list": "0.40.0",
        "@material/menu-surface": "0.40.0",
        "@material/ripple": "0.40.0",
        "@material/rtl": "0.39.1"
      }
    },
    "@material/menu-surface": {
      "version": "0.40.0",
      "resolved": "https://registry.npmjs.org/@material/menu-surface/-/menu-surface-0.40.0.tgz",
      "integrity": "sha512-YG/Hs4Ne3zvUzbrXTe397V1ijyAzfLGieb1jBsy7lSklDKl0E9ZyxEiQp4EPnoKfAzWJmYzxwlMmQSO+3rEIBg==",
      "requires": {
        "@material/animation": "0.39.0",
        "@material/base": "0.39.0",
        "@material/elevation": "0.40.0",
        "@material/rtl": "0.39.1",
        "@material/shape": "0.40.0",
        "@material/theme": "0.40.0"
      }
    },
    "@material/notched-outline": {
      "version": "0.40.0",
      "resolved": "https://registry.npmjs.org/@material/notched-outline/-/notched-outline-0.40.0.tgz",
      "integrity": "sha512-a+18JRtvDWjr353fo5ovoAQTIxkUsCBEzGDY2GR5/TIQOXMajEfGbfrP3UnO4QZpdKX2dwDq5t8ESCNJSje/aA==",
      "requires": {
        "@material/animation": "0.39.0",
        "@material/base": "0.39.0",
        "@material/rtl": "0.39.1",
        "@material/shape": "0.40.0",
        "@material/theme": "0.40.0"
      }
    },
    "@material/radio": {
      "version": "0.40.0",
      "resolved": "https://registry.npmjs.org/@material/radio/-/radio-0.40.0.tgz",
      "integrity": "sha512-V5BVNcVnGvEs1yjNQn9OTA2KF4QHoc4FsvIdNH6cED9eTlW8RhpvtOIHJr9MQvHqcPxgHaKEODrMZOlknEX8VQ==",
      "requires": {
        "@material/animation": "0.39.0",
        "@material/base": "0.39.0",
        "@material/ripple": "0.40.0",
        "@material/selection-control": "0.40.0",
        "@material/theme": "0.40.0"
      }
    },
    "@material/ripple": {
      "version": "0.40.0",
      "resolved": "https://registry.npmjs.org/@material/ripple/-/ripple-0.40.0.tgz",
      "integrity": "sha512-eFLIJm7nk389EWysBtucRuGulGiwRlAREDN4J2wzUwdkz64btgpC5/RADyiEpuXkej8omfosodh3FXMsiEKInQ==",
      "requires": {
        "@material/animation": "0.39.0",
        "@material/base": "0.39.0",
        "@material/theme": "0.40.0"
      }
    },
    "@material/rtl": {
      "version": "0.39.1",
      "resolved": "https://registry.npmjs.org/@material/rtl/-/rtl-0.39.1.tgz",
      "integrity": "sha512-6RcXv6tQladbl+SboEHUykiDAz7dE5DjBuLNV0KD7yEUCcUV41WXZ5e4oUd1nDWnK0vHzFtNM7D6BGMPZ2T3zA=="
    },
    "@material/select": {
      "version": "0.40.0",
      "resolved": "https://registry.npmjs.org/@material/select/-/select-0.40.0.tgz",
      "integrity": "sha512-nZfJeFhrkqBcwL1vhyek7ipgNZuT8B0Kp7+N5vAxENMlIXWSKAhWevIwIEjYMFqAqxF/AfdvYP4OXVBAnp5rfQ==",
      "requires": {
        "@material/animation": "0.39.0",
        "@material/base": "0.39.0",
        "@material/floating-label": "0.40.0",
        "@material/line-ripple": "0.40.0",
        "@material/notched-outline": "0.40.0",
        "@material/ripple": "0.40.0",
        "@material/rtl": "0.39.1",
        "@material/shape": "0.40.0",
        "@material/theme": "0.40.0",
        "@material/typography": "0.39.0"
      }
    },
    "@material/selection-control": {
      "version": "0.40.0",
      "resolved": "https://registry.npmjs.org/@material/selection-control/-/selection-control-0.40.0.tgz",
      "integrity": "sha512-VgboBeAK//+PbSwBbBD38s/03binWpZNvjPnwkcy6nT3In15q4GC8FFrQyCOHYLgi6ksaaVV4ILyYwqJbGqrHA==",
      "requires": {
        "@material/ripple": "0.40.0"
      }
    },
    "@material/shape": {
      "version": "0.40.0",
      "resolved": "https://registry.npmjs.org/@material/shape/-/shape-0.40.0.tgz",
      "integrity": "sha512-UsCnvCPln2//uI0YF/sqCtOWLgA5mzCl68+f/f283K4k21imGrHDAi093xDyy1LAUWyC1IVR+/RYVKXbHLtBlA=="
    },
    "@material/slider": {
      "version": "0.40.0",
      "resolved": "https://registry.npmjs.org/@material/slider/-/slider-0.40.0.tgz",
      "integrity": "sha512-VDneb9reLPM5gtBGsjVYVxNfS1aqOPmmndo4dHflCUJevGncELZ4rxItZLypP1xY5NN/oPrfpJo7GGLzrcIwNQ==",
      "requires": {
        "@material/animation": "0.39.0",
        "@material/base": "0.39.0",
        "@material/rtl": "0.39.1",
        "@material/theme": "0.40.0",
        "@material/typography": "0.39.0"
      }
    },
    "@material/snackbar": {
      "version": "0.40.0",
      "resolved": "https://registry.npmjs.org/@material/snackbar/-/snackbar-0.40.0.tgz",
      "integrity": "sha512-sop2M0Zfm7oqU5Vn18UzK83ZUPiihSm2+O+TKWKE9Vkd6fcOHkJ0whDWfSkkKLClUjoOuC1Z4vstk6qGVkkYfw==",
      "requires": {
        "@material/animation": "0.39.0",
        "@material/base": "0.39.0",
        "@material/rtl": "0.39.1",
        "@material/theme": "0.40.0",
        "@material/typography": "0.39.0"
      }
    },
    "@material/switch": {
      "version": "0.40.0",
      "resolved": "https://registry.npmjs.org/@material/switch/-/switch-0.40.0.tgz",
      "integrity": "sha512-ItZ63lKw5y+1sGFJJuDt0EgHb/alUqDF7B65DL59CK/9B0tfrTKPITMG9Db3ruWrC9CeeMa8vr5TCynd05h1Ow==",
      "requires": {
        "@material/animation": "0.39.0",
        "@material/base": "0.39.0",
        "@material/elevation": "0.40.0",
        "@material/ripple": "0.40.0",
        "@material/rtl": "0.39.1",
        "@material/selection-control": "0.40.0",
        "@material/theme": "0.40.0"
      }
    },
    "@material/tab": {
      "version": "0.40.0",
      "resolved": "https://registry.npmjs.org/@material/tab/-/tab-0.40.0.tgz",
      "integrity": "sha512-PxAoLYX2CB/8f0Il3nG7gI2KG4POa8XGsgWEFedOO7eqqgrFCfHa0Wgnizjp4cYRmTso+Eve4Zr3cDft78pgaw==",
      "requires": {
        "@material/base": "0.39.0",
        "@material/ripple": "0.40.0",
        "@material/rtl": "0.39.1",
        "@material/tab-indicator": "0.40.0",
        "@material/theme": "0.40.0",
        "@material/typography": "0.39.0"
      }
    },
    "@material/tab-bar": {
      "version": "0.40.0",
      "resolved": "https://registry.npmjs.org/@material/tab-bar/-/tab-bar-0.40.0.tgz",
      "integrity": "sha512-Bl5/tWJ5sf2DB/r/BtULs+6usObl1EGxkQwjhL/VTMIt9+5+SG3QtyV31hCFzHRs1YDkud9KE7I0qFCthPA0YA==",
      "requires": {
        "@material/base": "0.39.0",
        "@material/elevation": "0.40.0",
        "@material/tab": "0.40.0",
        "@material/tab-scroller": "0.40.0"
      }
    },
    "@material/tab-indicator": {
      "version": "0.40.0",
      "resolved": "https://registry.npmjs.org/@material/tab-indicator/-/tab-indicator-0.40.0.tgz",
      "integrity": "sha512-s3Z2mB7HLXWSBYo9P22RJKU+aQknVnY+U2jeZtz+9UzJ7wAtda15vRQlR+91V+0WZQTC7pEeMY1ETh8PzEeP3Q==",
      "requires": {
        "@material/animation": "0.39.0",
        "@material/base": "0.39.0",
        "@material/theme": "0.40.0"
      }
    },
    "@material/tab-scroller": {
      "version": "0.40.0",
      "resolved": "https://registry.npmjs.org/@material/tab-scroller/-/tab-scroller-0.40.0.tgz",
      "integrity": "sha512-rZvr5LreQIItZSPxkANY3+MQKJ85te4VUS5lnsBbTQRtNk7+u3dDYxosROjQQZZ6D9f1xKdW8iRGsJq/bDai2A==",
      "requires": {
        "@material/animation": "0.39.0",
        "@material/base": "0.39.0",
        "@material/tab": "0.40.0"
      }
    },
    "@material/textfield": {
      "version": "0.40.0",
      "resolved": "https://registry.npmjs.org/@material/textfield/-/textfield-0.40.0.tgz",
      "integrity": "sha512-x8Rw4g2jAyCBoaVkXGxGmkfiTG/r5jkZgnNQYsBfLUlQWId+fHvB3eN3mbfUpKREwPOS8tWHa0LIZjFgdKYJHw==",
      "requires": {
        "@material/animation": "0.39.0",
        "@material/base": "0.39.0",
        "@material/floating-label": "0.40.0",
        "@material/line-ripple": "0.40.0",
        "@material/notched-outline": "0.40.0",
        "@material/ripple": "0.40.0",
        "@material/rtl": "0.39.1",
        "@material/shape": "0.40.0",
        "@material/theme": "0.40.0",
        "@material/typography": "0.39.0"
      }
    },
    "@material/theme": {
      "version": "0.40.0",
      "resolved": "https://registry.npmjs.org/@material/theme/-/theme-0.40.0.tgz",
      "integrity": "sha512-t4Xn15IaM7bAg8EWDkuzfx8xafMXjcMn+cnriPRtZOQ9X8R2gPSIuIQ36EwqFWpGTGMftXJkOEM/KmMLf3rKnQ=="
    },
    "@material/toolbar": {
      "version": "0.40.0",
      "resolved": "https://registry.npmjs.org/@material/toolbar/-/toolbar-0.40.0.tgz",
      "integrity": "sha512-XcCaFprch8r/2U9EkP5MePMBUaSaLdTrQyLmODxs2LQWaXWvfYao21nlIDbsnM3MOLkJswh3C4zdN1VTqrmjZA==",
      "requires": {
        "@material/base": "0.39.0",
        "@material/elevation": "0.40.0",
        "@material/ripple": "0.40.0",
        "@material/rtl": "0.39.1",
        "@material/theme": "0.40.0",
        "@material/typography": "0.39.0"
      }
    },
    "@material/top-app-bar": {
      "version": "0.40.0",
      "resolved": "https://registry.npmjs.org/@material/top-app-bar/-/top-app-bar-0.40.0.tgz",
      "integrity": "sha512-fzTN2hO47SuT1XwQBnGIEtR6SgPSqOW6HSFALoTaLdf3CqIEFK0PE1nOs1wipH/zkBNLV4V9sPrHtUPvaqqQAg==",
      "requires": {
        "@material/animation": "0.39.0",
        "@material/base": "0.39.0",
        "@material/elevation": "0.40.0",
        "@material/ripple": "0.40.0",
        "@material/rtl": "0.39.1",
        "@material/shape": "0.40.0",
        "@material/theme": "0.40.0",
        "@material/typography": "0.39.0"
      }
    },
    "@material/typography": {
      "version": "0.39.0",
      "resolved": "https://registry.npmjs.org/@material/typography/-/typography-0.39.0.tgz",
      "integrity": "sha512-S7YTR2mXuAaPvsgX6jyT1YvWQhH2xHWi+SKJvlunoF/Dw6vq6Ud+APmqigHVRPNCcFt4zkbM7C64IxYjjkIApQ=="
    },
    "array-union": {
      "version": "1.0.2",
      "resolved": "https://registry.npmjs.org/array-union/-/array-union-1.0.2.tgz",
      "integrity": "sha1-mjRBDk9OPaI96jdb5b5w8kd47Dk=",
      "requires": {
        "array-uniq": "1.0.3"
      }
    },
    "array-uniq": {
      "version": "1.0.3",
      "resolved": "https://registry.npmjs.org/array-uniq/-/array-uniq-1.0.3.tgz",
      "integrity": "sha1-r2rId6Jcx/dOBYiUdThY39sk/bY="
    },
    "async": {
      "version": "2.6.1",
      "resolved": "https://registry.npmjs.org/async/-/async-2.6.1.tgz",
      "integrity": "sha512-fNEiL2+AZt6AlAw/29Cr0UDe4sRAHCpEHh54WMz+Bb7QfNcFw4h3loofyJpLeQs4Yx7yuqu/2dLgM5hKOs6HlQ==",
      "requires": {
        "lodash": "4.17.11"
      }
    },
    "balanced-match": {
      "version": "1.0.0",
      "resolved": "https://registry.npmjs.org/balanced-match/-/balanced-match-1.0.0.tgz",
      "integrity": "sha1-ibTRmasr7kneFk6gK4nORi1xt2c="
    },
    "brace-expansion": {
      "version": "1.1.11",
      "resolved": "https://registry.npmjs.org/brace-expansion/-/brace-expansion-1.1.11.tgz",
      "integrity": "sha512-iCuPHDFgrHX7H2vEI/5xpz07zSHB00TpugqhmYtVmMO6518mCuRMoOYFldEBl0g187ufozdaHgWKcYFb61qGiA==",
      "requires": {
        "balanced-match": "1.0.0",
        "concat-map": "0.0.1"
      }
    },
    "commander": {
      "version": "2.18.0",
      "resolved": "https://registry.npmjs.org/commander/-/commander-2.18.0.tgz",
      "integrity": "sha512-6CYPa+JP2ftfRU2qkDK+UTVeQYosOg/2GbcjIcKPHfinyOLPVGXu/ovN86RP49Re5ndJK1N0kuiidFFuepc4ZQ=="
    },
    "concat-map": {
      "version": "0.0.1",
      "resolved": "https://registry.npmjs.org/concat-map/-/concat-map-0.0.1.tgz",
      "integrity": "sha1-2Klr13/Wjfd5OnMDajug1UBdR3s="
    },
    "email-addresses": {
      "version": "3.0.2",
      "resolved": "https://registry.npmjs.org/email-addresses/-/email-addresses-3.0.2.tgz",
      "integrity": "sha512-IMn9dnwLMsgZjdUHswB/UZ0S8LQ/u+2/qjnHJ9tCtp3QHZsIYwJCiJOo2FT0i3CwwK/dtSODYtxuvzV4D9MY5g=="
    },
    "escape-string-regexp": {
      "version": "1.0.5",
      "resolved": "https://registry.npmjs.org/escape-string-regexp/-/escape-string-regexp-1.0.5.tgz",
      "integrity": "sha1-G2HAViGQqN/2rjuyzwIAyhMLhtQ="
    },
    "filename-reserved-regex": {
      "version": "1.0.0",
      "resolved": "https://registry.npmjs.org/filename-reserved-regex/-/filename-reserved-regex-1.0.0.tgz",
      "integrity": "sha1-5hz4BfDeHJhFZ9A4bcXfUO5a9+Q="
    },
    "filenamify": {
      "version": "1.2.1",
      "resolved": "https://registry.npmjs.org/filenamify/-/filenamify-1.2.1.tgz",
      "integrity": "sha1-qfL/0RxQO+0wABUCknI3jx8TZaU=",
      "requires": {
        "filename-reserved-regex": "1.0.0",
        "strip-outer": "1.0.1",
        "trim-repeated": "1.0.0"
      }
    },
    "filenamify-url": {
      "version": "1.0.0",
      "resolved": "https://registry.npmjs.org/filenamify-url/-/filenamify-url-1.0.0.tgz",
      "integrity": "sha1-syvYExnvWGO3MHi+1Q9GpPeXX1A=",
      "requires": {
        "filenamify": "1.2.1",
        "humanize-url": "1.0.1"
      }
    },
    "focus-trap": {
      "version": "2.4.6",
      "resolved": "https://registry.npmjs.org/focus-trap/-/focus-trap-2.4.6.tgz",
      "integrity": "sha512-vWZTPtBU6pBoyWZDRZJHkXsyP2ZCZBHE3DRVXnSVdQKH/mcDtu9S5Kz8CUDyIqpfZfLEyI9rjKJLnc4Y40BRBg==",
      "requires": {
        "tabbable": "1.1.3"
      }
    },
    "fs-extra": {
      "version": "7.0.0",
      "resolved": "https://registry.npmjs.org/fs-extra/-/fs-extra-7.0.0.tgz",
      "integrity": "sha512-EglNDLRpmaTWiD/qraZn6HREAEAHJcJOmxNEYwq6xeMKnVMAy3GUcFB+wXt2C6k4CNvB/mP1y/U3dzvKKj5OtQ==",
      "requires": {
        "graceful-fs": "4.1.11",
        "jsonfile": "4.0.0",
        "universalify": "0.1.2"
      }
    },
    "fs.realpath": {
      "version": "1.0.0",
      "resolved": "https://registry.npmjs.org/fs.realpath/-/fs.realpath-1.0.0.tgz",
      "integrity": "sha1-FQStJSMVjKpA20onh8sBQRmU6k8="
    },
    "gh-pages": {
      "version": "2.0.1",
      "resolved": "https://registry.npmjs.org/gh-pages/-/gh-pages-2.0.1.tgz",
      "integrity": "sha512-uFlk3bukljeiWKQ2XvPfjcSi/ou7IfoDf2p+Fj672saLAr8bnOdFVqI/JSgrSgInKpCg5BksxEwGUl++dbg8Dg==",
      "requires": {
        "async": "2.6.1",
        "commander": "2.18.0",
        "email-addresses": "3.0.2",
        "filenamify-url": "1.0.0",
        "fs-extra": "7.0.0",
        "globby": "6.1.0",
        "graceful-fs": "4.1.11",
        "rimraf": "2.6.2"
      }
    },
    "glob": {
      "version": "7.1.3",
      "resolved": "https://registry.npmjs.org/glob/-/glob-7.1.3.tgz",
      "integrity": "sha512-vcfuiIxogLV4DlGBHIUOwI0IbrJ8HWPc4MU7HzviGeNho/UJDfi6B5p3sHeWIQ0KGIU0Jpxi5ZHxemQfLkkAwQ==",
      "requires": {
        "fs.realpath": "1.0.0",
        "inflight": "1.0.6",
        "inherits": "2.0.3",
        "minimatch": "3.0.4",
        "once": "1.4.0",
        "path-is-absolute": "1.0.1"
      }
    },
    "globby": {
      "version": "6.1.0",
      "resolved": "https://registry.npmjs.org/globby/-/globby-6.1.0.tgz",
      "integrity": "sha1-9abXDoOV4hyFj7BInWTfAkJNUGw=",
      "requires": {
        "array-union": "1.0.2",
        "glob": "7.1.3",
        "object-assign": "4.1.1",
        "pify": "2.3.0",
        "pinkie-promise": "2.0.1"
      }
    },
    "graceful-fs": {
      "version": "4.1.11",
      "resolved": "https://registry.npmjs.org/graceful-fs/-/graceful-fs-4.1.11.tgz",
      "integrity": "sha1-Dovf5NHduIVNZOBOp8AOKgJuVlg="
    },
    "humanize-url": {
      "version": "1.0.1",
      "resolved": "https://registry.npmjs.org/humanize-url/-/humanize-url-1.0.1.tgz",
      "integrity": "sha1-9KuZ4NKIF0yk4eUEB8VfuuRk7/8=",
      "requires": {
        "normalize-url": "1.9.1",
        "strip-url-auth": "1.0.1"
      }
    },
    "inflight": {
      "version": "1.0.6",
      "resolved": "https://registry.npmjs.org/inflight/-/inflight-1.0.6.tgz",
      "integrity": "sha1-Sb1jMdfQLQwJvJEKEHW6gWW1bfk=",
      "requires": {
        "once": "1.4.0",
        "wrappy": "1.0.2"
      }
    },
    "inherits": {
      "version": "2.0.3",
      "resolved": "https://registry.npmjs.org/inherits/-/inherits-2.0.3.tgz",
      "integrity": "sha1-Yzwsg+PaQqUC9SRmAiSA9CCCYd4="
    },
    "is-plain-obj": {
      "version": "1.1.0",
      "resolved": "https://registry.npmjs.org/is-plain-obj/-/is-plain-obj-1.1.0.tgz",
      "integrity": "sha1-caUMhCnfync8kqOQpKA7OfzVHT4="
    },
    "jsonfile": {
      "version": "4.0.0",
      "resolved": "https://registry.npmjs.org/jsonfile/-/jsonfile-4.0.0.tgz",
      "integrity": "sha1-h3Gq4HmbZAdrdmQPygWPnBDjPss=",
      "requires": {
        "graceful-fs": "4.1.11"
      }
    },
    "lodash": {
      "version": "4.17.11",
      "resolved": "https://registry.npmjs.org/lodash/-/lodash-4.17.11.tgz",
      "integrity": "sha512-cQKh8igo5QUhZ7lg38DYWAxMvjSAKG0A8wGSVimP07SIUEK2UO+arSRKbRZWtelMtN5V0Hkwh5ryOto/SshYIg=="
    },
    "material-components-web": {
      "version": "0.40.0",
      "resolved": "https://registry.npmjs.org/material-components-web/-/material-components-web-0.40.0.tgz",
      "integrity": "sha512-G6H7xBF59sb5w8ZeqhE1qOTTpsJ6qqSB3keQAmOSOq8rOvztqicEQTq9/YfXKyOxAmN5j9IcugXYSHQq1KG+/A==",
      "requires": {
        "@material/animation": "0.39.0",
        "@material/auto-init": "0.39.0",
        "@material/base": "0.39.0",
        "@material/button": "0.40.0",
        "@material/card": "0.40.0",
        "@material/checkbox": "0.40.0",
        "@material/chips": "0.40.0",
        "@material/dialog": "0.40.0",
        "@material/dom": "0.40.0",
        "@material/drawer": "0.40.0",
        "@material/elevation": "0.40.0",
        "@material/fab": "0.40.0",
        "@material/floating-label": "0.40.0",
        "@material/form-field": "0.40.0",
        "@material/grid-list": "0.40.0",
        "@material/icon-button": "0.40.0",
        "@material/icon-toggle": "0.40.0",
        "@material/image-list": "0.40.0",
        "@material/layout-grid": "0.39.0",
        "@material/line-ripple": "0.40.0",
        "@material/linear-progress": "0.40.0",
        "@material/list": "0.40.0",
        "@material/menu": "0.40.0",
        "@material/menu-surface": "0.40.0",
        "@material/notched-outline": "0.40.0",
        "@material/radio": "0.40.0",
        "@material/ripple": "0.40.0",
        "@material/rtl": "0.39.1",
        "@material/select": "0.40.0",
        "@material/selection-control": "0.40.0",
        "@material/shape": "0.40.0",
        "@material/slider": "0.40.0",
        "@material/snackbar": "0.40.0",
        "@material/switch": "0.40.0",
        "@material/tab": "0.40.0",
        "@material/tab-bar": "0.40.0",
        "@material/tab-indicator": "0.40.0",
        "@material/tab-scroller": "0.40.0",
        "@material/textfield": "0.40.0",
        "@material/theme": "0.40.0",
        "@material/toolbar": "0.40.0",
        "@material/top-app-bar": "0.40.0",
        "@material/typography": "0.39.0"
      }
    },
    "minimatch": {
      "version": "3.0.4",
      "resolved": "https://registry.npmjs.org/minimatch/-/minimatch-3.0.4.tgz",
      "integrity": "sha512-yJHVQEhyqPLUTgt9B83PXu6W3rx4MvvHvSUvToogpwoGDOUQ+yDrR0HRot+yOCdCO7u4hX3pWft6kWBBcqh0UA==",
      "requires": {
        "brace-expansion": "1.1.11"
      }
    },
    "normalize-url": {
      "version": "1.9.1",
      "resolved": "https://registry.npmjs.org/normalize-url/-/normalize-url-1.9.1.tgz",
      "integrity": "sha1-LMDWazHqIwNkWENuNiDYWVTGbDw=",
      "requires": {
        "object-assign": "4.1.1",
        "prepend-http": "1.0.4",
        "query-string": "4.3.4",
        "sort-keys": "1.1.2"
      }
    },
    "object-assign": {
      "version": "4.1.1",
      "resolved": "https://registry.npmjs.org/object-assign/-/object-assign-4.1.1.tgz",
      "integrity": "sha1-IQmtx5ZYh8/AXLvUQsrIv7s2CGM="
    },
    "once": {
      "version": "1.4.0",
      "resolved": "https://registry.npmjs.org/once/-/once-1.4.0.tgz",
      "integrity": "sha1-WDsap3WWHUsROsF9nFC6753Xa9E=",
      "requires": {
        "wrappy": "1.0.2"
      }
    },
    "path-is-absolute": {
      "version": "1.0.1",
      "resolved": "https://registry.npmjs.org/path-is-absolute/-/path-is-absolute-1.0.1.tgz",
      "integrity": "sha1-F0uSaHNVNP+8es5r9TpanhtcX18="
    },
    "pify": {
      "version": "2.3.0",
      "resolved": "https://registry.npmjs.org/pify/-/pify-2.3.0.tgz",
      "integrity": "sha1-7RQaasBDqEnqWISY59yosVMw6Qw="
    },
    "pinkie": {
      "version": "2.0.4",
      "resolved": "https://registry.npmjs.org/pinkie/-/pinkie-2.0.4.tgz",
      "integrity": "sha1-clVrgM+g1IqXToDnckjoDtT3+HA="
    },
    "pinkie-promise": {
      "version": "2.0.1",
      "resolved": "https://registry.npmjs.org/pinkie-promise/-/pinkie-promise-2.0.1.tgz",
      "integrity": "sha1-ITXW36ejWMBprJsXh3YogihFD/o=",
      "requires": {
        "pinkie": "2.0.4"
      }
    },
    "prepend-http": {
      "version": "1.0.4",
      "resolved": "https://registry.npmjs.org/prepend-http/-/prepend-http-1.0.4.tgz",
      "integrity": "sha1-1PRWKwzjaW5BrFLQ4ALlemNdxtw="
    },
    "query-string": {
      "version": "4.3.4",
      "resolved": "https://registry.npmjs.org/query-string/-/query-string-4.3.4.tgz",
      "integrity": "sha1-u7aTucqRXCMlFbIosaArYJBD2+s=",
      "requires": {
        "object-assign": "4.1.1",
        "strict-uri-encode": "1.1.0"
      }
    },
    "rimraf": {
      "version": "2.6.2",
      "resolved": "https://registry.npmjs.org/rimraf/-/rimraf-2.6.2.tgz",
      "integrity": "sha512-lreewLK/BlghmxtfH36YYVg1i8IAce4TI7oao75I1g245+6BctqTVQiBP3YUJ9C6DQOXJmkYR9X9fCLtCOJc5w==",
      "requires": {
        "glob": "7.1.3"
      }
    },
    "sort-keys": {
      "version": "1.1.2",
      "resolved": "https://registry.npmjs.org/sort-keys/-/sort-keys-1.1.2.tgz",
      "integrity": "sha1-RBttTTRnmPG05J6JIK37oOVD+a0=",
      "requires": {
        "is-plain-obj": "1.1.0"
      }
    },
    "strict-uri-encode": {
      "version": "1.1.0",
      "resolved": "https://registry.npmjs.org/strict-uri-encode/-/strict-uri-encode-1.1.0.tgz",
      "integrity": "sha1-J5siXfHVgrH1TmWt3UNS4Y+qBxM="
    },
    "strip-outer": {
      "version": "1.0.1",
      "resolved": "https://registry.npmjs.org/strip-outer/-/strip-outer-1.0.1.tgz",
      "integrity": "sha512-k55yxKHwaXnpYGsOzg4Vl8+tDrWylxDEpknGjhTiZB8dFRU5rTo9CAzeycivxV3s+zlTKwrs6WxMxR95n26kwg==",
      "requires": {
        "escape-string-regexp": "1.0.5"
      }
    },
    "strip-url-auth": {
      "version": "1.0.1",
      "resolved": "https://registry.npmjs.org/strip-url-auth/-/strip-url-auth-1.0.1.tgz",
      "integrity": "sha1-IrD6OkE4WzO+PzMVUbu4N/oM164="
    },
    "tabbable": {
      "version": "1.1.3",
      "resolved": "https://registry.npmjs.org/tabbable/-/tabbable-1.1.3.tgz",
      "integrity": "sha512-nOWwx35/JuDI4ONuF0ZTo6lYvI0fY0tZCH1ErzY2EXfu4az50ZyiUX8X073FLiZtmWUVlkRnuXsehjJgCw9tYg=="
    },
    "trim-repeated": {
      "version": "1.0.0",
      "resolved": "https://registry.npmjs.org/trim-repeated/-/trim-repeated-1.0.0.tgz",
      "integrity": "sha1-42RqLqTokTEr9+rObPsFOAvAHCE=",
      "requires": {
        "escape-string-regexp": "1.0.5"
      }
    },
    "universalify": {
      "version": "0.1.2",
      "resolved": "https://registry.npmjs.org/universalify/-/universalify-0.1.2.tgz",
      "integrity": "sha512-rBJeI5CXAlmy1pV+617WB9J63U6XcazHHF2f2dbJix4XzpUF0RS3Zbj0FGIOCAva5P/d/GBOYaACQ1w+0azUkg=="
    },
    "wrappy": {
      "version": "1.0.2",
      "resolved": "https://registry.npmjs.org/wrappy/-/wrappy-1.0.2.tgz",
      "integrity": "sha1-tSQ9jz7BqjXxNkYFvA0QNuMKtp8="
    },
    "xtend": {
      "version": "4.0.1",
      "resolved": "https://registry.npmjs.org/xtend/-/xtend-4.0.1.tgz",
      "integrity": "sha1-pcbVMr5lbiPbgg77lDofBJmNY68="
    }
  }
}
